
Microsoft Visual Studio Solution File, Format Version 12.00
# Visual Studio Version 17
VisualStudioVersion = 17.7.34221.43
MinimumVisualStudioVersion = 10.0.40219.1
Project("{888888A0-9F3D-457C-B088-3A5042F75D52}") = "PyApp", "PyApp.pyproj", "{DFFF66A0-9526-4F1D-B5B9-3D70D241938F}"
EndProject
Global
	GlobalSection(SolutionConfigurationPlatforms) = preSolution
		Debug|Any CPU = Debug|Any CPU
		Release|Any CPU = Release|Any CPU
	EndGlobalSection
	GlobalSection(ProjectConfigurationPlatforms) = postSolution
		{DFFF66A0-9526-4F1D-B5B9-3D70D241938F}.Debug|Any CPU.ActiveCfg = Debug|Any CPU
		{DFFF66A0-9526-4F1D-B5B9-3D70D241938F}.Release|Any CPU.ActiveCfg = Release|Any CPU
	EndGlobalSection
	GlobalSection(SolutionProperties) = preSolution
		HideSolutionNode = FALSE
	EndGlobalSection
	GlobalSection(ExtensibilityGlobals) = postSolution
		SolutionGuid = {513EDE26-7E8A-4957-82D2-FA2D29088197}
	EndGlobalSection
EndGlobal
